
Microsoft Visual Studio Solution File, Format Version 12.00
# Visual Studio 15
VisualStudioVersion = 15.0.27004.2010
MinimumVisualStudioVersion = 10.0.40219.1
Project("{FAE04EC0-301F-11D3-BF4B-00C04F79EFBC}") = "Practical_7", "Practical_7\Practical_7.csproj", "{F9FCA03B-2A72-47FC-8D38-636406C3D311}"
EndProject
Project("{FAE04EC0-301F-11D3-BF4B-00C04F79EFBC}") = "BusinessLogicLayer", "BusinessLogicLayer\BusinessLogicLayer.csproj", "{C126E146-7FAF-46FF-9F4A-2F2157A3B3D4}"
EndProject
Global
	GlobalSection(SolutionConfigurationPlatforms) = preSolution
		Debug|Any CPU = Debug|Any CPU
		Release|Any CPU = Release|Any CPU
	EndGlobalSection
	GlobalSection(ProjectConfigurationPlatforms) = postSolution
		{F9FCA03B-2A72-47FC-8D38-636406C3D311}.Debug|Any CPU.ActiveCfg = Debug|Any CPU
		{F9FCA03B-2A72-47FC-8D38-636406C3D311}.Debug|Any CPU.Build.0 = Debug|Any CPU
		{F9FCA03B-2A72-47FC-8D38-636406C3D311}.Release|Any CPU.ActiveCfg = Release|Any CPU
		{F9FCA03B-2A72-47FC-8D38-636406C3D311}.Release|Any CPU.Build.0 = Release|Any CPU
		{C126E146-7FAF-46FF-9F4A-2F2157A3B3D4}.Debug|Any CPU.ActiveCfg = Debug|Any CPU
		{C126E146-7FAF-46FF-9F4A-2F2157A3B3D4}.Debug|Any CPU.Build.0 = Debug|Any CPU
		{C126E146-7FAF-46FF-9F4A-2F2157A3B3D4}.Release|Any CPU.ActiveCfg = Release|Any CPU
		{C126E146-7FAF-46FF-9F4A-2F2157A3B3D4}.Release|Any CPU.Build.0 = Release|Any CPU
	EndGlobalSection
	GlobalSection(SolutionProperties) = preSolution
		HideSolutionNode = FALSE
	EndGlobalSection
	GlobalSection(ExtensibilityGlobals) = postSolution
		SolutionGuid = {FFB4C608-EF5B-44E0-B6E7-2E21182BF9A0}
	EndGlobalSection
EndGlobal
