
Microsoft Visual Studio Solution File, Format Version 12.00
# Visual Studio 2013
VisualStudioVersion = 12.0.31101.0
MinimumVisualStudioVersion = 10.0.40219.1
Project("{FAE04EC0-301F-11D3-BF4B-00C04F79EFBC}") = "SchoolAttendancePortal", "SchoolAttendancePortal\SchoolAttendancePortal.csproj", "{0ED31BE3-4C2E-4C6B-9DFF-9602DA4FF3EB}"
EndProject
Project("{FAE04EC0-301F-11D3-BF4B-00C04F79EFBC}") = "DataAccessLayer", "DataAccessLayer\DataAccessLayer.csproj", "{358B55B2-047A-477A-84D6-F5B7471D30CB}"
EndProject
Project("{FAE04EC0-301F-11D3-BF4B-00C04F79EFBC}") = "BusinessLogicLayer", "BusinessLogicLayer\BusinessLogicLayer.csproj", "{8C39083F-EAC1-4DD6-B044-FC3C84B95E19}"
EndProject
Global
	GlobalSection(SolutionConfigurationPlatforms) = preSolution
		Debug|Any CPU = Debug|Any CPU
		Release|Any CPU = Release|Any CPU
	EndGlobalSection
	GlobalSection(ProjectConfigurationPlatforms) = postSolution
		{0ED31BE3-4C2E-4C6B-9DFF-9602DA4FF3EB}.Debug|Any CPU.ActiveCfg = Debug|Any CPU
		{0ED31BE3-4C2E-4C6B-9DFF-9602DA4FF3EB}.Debug|Any CPU.Build.0 = Debug|Any CPU
		{0ED31BE3-4C2E-4C6B-9DFF-9602DA4FF3EB}.Release|Any CPU.ActiveCfg = Release|Any CPU
		{0ED31BE3-4C2E-4C6B-9DFF-9602DA4FF3EB}.Release|Any CPU.Build.0 = Release|Any CPU
		{358B55B2-047A-477A-84D6-F5B7471D30CB}.Debug|Any CPU.ActiveCfg = Debug|Any CPU
		{358B55B2-047A-477A-84D6-F5B7471D30CB}.Debug|Any CPU.Build.0 = Debug|Any CPU
		{358B55B2-047A-477A-84D6-F5B7471D30CB}.Release|Any CPU.ActiveCfg = Release|Any CPU
		{358B55B2-047A-477A-84D6-F5B7471D30CB}.Release|Any CPU.Build.0 = Release|Any CPU
		{8C39083F-EAC1-4DD6-B044-FC3C84B95E19}.Debug|Any CPU.ActiveCfg = Debug|Any CPU
		{8C39083F-EAC1-4DD6-B044-FC3C84B95E19}.Debug|Any CPU.Build.0 = Debug|Any CPU
		{8C39083F-EAC1-4DD6-B044-FC3C84B95E19}.Release|Any CPU.ActiveCfg = Release|Any CPU
		{8C39083F-EAC1-4DD6-B044-FC3C84B95E19}.Release|Any CPU.Build.0 = Release|Any CPU
	EndGlobalSection
	GlobalSection(SolutionProperties) = preSolution
		HideSolutionNode = FALSE
	EndGlobalSection
EndGlobal
